
Microsoft Visual Studio Solution File, Format Version 12.00
# Visual Studio Version 16
VisualStudioVersion = 16.0.32002.261
MinimumVisualStudioVersion = 10.0.40219.1
Project("{FAE04EC0-301F-11D3-BF4B-00C04F79EFBC}") = "file_sorter", "file_sorter.csproj", "{57A2600A-18AC-49B0-AF88-52EB08FA5EFA}"
EndProject
Global
	GlobalSection(SolutionConfigurationPlatforms) = preSolution
		Debug|Any CPU = Debug|Any CPU
		Release|Any CPU = Release|Any CPU
	EndGlobalSection
	GlobalSection(ProjectConfigurationPlatforms) = postSolution
		{57A2600A-18AC-49B0-AF88-52EB08FA5EFA}.Debug|Any CPU.ActiveCfg = Debug|Any CPU
		{57A2600A-18AC-49B0-AF88-52EB08FA5EFA}.Debug|Any CPU.Build.0 = Debug|Any CPU
		{57A2600A-18AC-49B0-AF88-52EB08FA5EFA}.Release|Any CPU.ActiveCfg = Release|Any CPU
		{57A2600A-18AC-49B0-AF88-52EB08FA5EFA}.Release|Any CPU.Build.0 = Release|Any CPU
	EndGlobalSection
	GlobalSection(SolutionProperties) = preSolution
		HideSolutionNode = FALSE
	EndGlobalSection
	GlobalSection(ExtensibilityGlobals) = postSolution
		SolutionGuid = {C4CB5225-6849-4CA8-B092-D93B6BBBC699}
	EndGlobalSection
EndGlobal
